{
  "name": "final-project-rubyduckies",
  "lockfileVersion": 2,
  "requires": true,
  "packages": {
    "": {
      "devDependencies": {
        "@types/cypress-cucumber-preprocessor": "^4.0.1"
      }
    },
    "node_modules/@types/cypress-cucumber-preprocessor": {
      "version": "4.0.1",
      "resolved": "https://registry.npmjs.org/@types/cypress-cucumber-preprocessor/-/cypress-cucumber-preprocessor-4.0.1.tgz",
      "integrity": "sha512-sK2/uU5CtmJ51zo0JF2Lc4iSw9Fy3xn9ewfewuooV5Qmeb5O+brAHuoXKMV7UWwRbBmd+txhAXAJoi4S5QLDRQ==",
      "dev": true
    }
  },
  "dependencies": {
    "@types/cypress-cucumber-preprocessor": {
      "version": "4.0.1",
      "resolved": "https://registry.npmjs.org/@types/cypress-cucumber-preprocessor/-/cypress-cucumber-preprocessor-4.0.1.tgz",
      "integrity": "sha512-sK2/uU5CtmJ51zo0JF2Lc4iSw9Fy3xn9ewfewuooV5Qmeb5O+brAHuoXKMV7UWwRbBmd+txhAXAJoi4S5QLDRQ==",
      "dev": true
    }
  }
}
